
Microsoft Visual Studio Solution File, Format Version 12.00
# Visual Studio Version 17
VisualStudioVersion = 17.0.31903.59
MinimumVisualStudioVersion = 10.0.40219.1
Project("{2150E333-8FDC-42A3-9474-1A3956D46DE8}") = "src", "src", "{827E0CD3-B72D-47B6-A68D-7590B98EB39B}"
EndProject
Project("{FAE04EC0-301F-11D3-BF4B-00C04F79EFBC}") = "PAXCookbook.Shared", "src\PAXCookbook.Shared\PAXCookbook.Shared.csproj", "{4864C058-8FCD-4053-8392-301C0853979B}"
EndProject
Project("{FAE04EC0-301F-11D3-BF4B-00C04F79EFBC}") = "PAXCookbook", "src\PAXCookbook\PAXCookbook.csproj", "{BF8C8CAF-A53C-45C0-BCC3-55027F8A7863}"
EndProject
Project("{FAE04EC0-301F-11D3-BF4B-00C04F79EFBC}") = "PAXCookbookSetup", "src\PAXCookbookSetup\PAXCookbookSetup.csproj", "{AA15AB17-A6F6-431D-9DE2-CC29577BD9A1}"
EndProject
Project("{2150E333-8FDC-42A3-9474-1A3956D46DE8}") = "tests", "tests", "{0AB3BF05-4346-4AA6-1389-037BE0695223}"
EndProject
Project("{FAE04EC0-301F-11D3-BF4B-00C04F79EFBC}") = "PAXCookbook.Shared.Tests", "tests\PAXCookbook.Shared.Tests\PAXCookbook.Shared.Tests.csproj", "{B594ABF9-60B2-40F4-9606-CBFBC71767A1}"
EndProject
Project("{FAE04EC0-301F-11D3-BF4B-00C04F79EFBC}") = "PAXCookbook.Tests", "tests\PAXCookbook.Tests\PAXCookbook.Tests.csproj", "{8C9230DB-AF19-4ED2-9C4F-79E213D21836}"
EndProject
Project("{FAE04EC0-301F-11D3-BF4B-00C04F79EFBC}") = "PAXCookbookSetup.Tests", "tests\PAXCookbookSetup.Tests\PAXCookbookSetup.Tests.csproj", "{D332A9D4-DF18-4567-9812-752575CE6CE6}"
EndProject
Project("{2150E333-8FDC-42A3-9474-1A3956D46DE8}") = "_temp", "_temp", "{B15E1844-D463-42D3-AECF-19C136017E0C}"
EndProject
Project("{2150E333-8FDC-42A3-9474-1A3956D46DE8}") = "phase_am_product_ux_restoration", "phase_am_product_ux_restoration", "{B6E79C3B-0F11-49A5-8AE5-9FF230CEA054}"
EndProject
Project("{FAE04EC0-301F-11D3-BF4B-00C04F79EFBC}") = "Ux4ProjectionHelper", "_temp\phase_am_product_ux_restoration\ux4_projection_helper\Ux4ProjectionHelper.csproj", "{9BCABF0C-E444-44AB-8AAE-370E269804E1}"
EndProject
Project("{2150E333-8FDC-42A3-9474-1A3956D46DE8}") = "phase_x6_stop_cancel_lifecycle", "phase_x6_stop_cancel_lifecycle", "{54230F8B-1CEE-40B2-BC49-BF9CD2BAF69D}"
EndProject
Project("{FAE04EC0-301F-11D3-BF4B-00C04F79EFBC}") = "X6Harness", "_temp\phase_x6_stop_cancel_lifecycle\harness\X6Harness.csproj", "{3FE3CE66-C627-471F-A8DE-FAFD0ABC7850}"
EndProject
Project("{2150E333-8FDC-42A3-9474-1A3956D46DE8}") = "phase_x7_scheduling", "phase_x7_scheduling", "{2BF7CCFA-36BB-4770-B31E-EC3A1E5B7FD3}"
EndProject
Project("{2150E333-8FDC-42A3-9474-1A3956D46DE8}") = "x7a1_schedule_schema", "x7a1_schedule_schema", "{C4DF7DA8-A0B5-4DCA-BE9F-F90804FC7142}"
EndProject
Project("{FAE04EC0-301F-11D3-BF4B-00C04F79EFBC}") = "X7a1Smoke", "_temp\phase_x7_scheduling\x7a1_schedule_schema\harness\X7a1Smoke.csproj", "{3753BF80-7F2B-4E9C-BC13-D31391894A4C}"
EndProject
Project("{2150E333-8FDC-42A3-9474-1A3956D46DE8}") = "x7a2_scheduled_run", "x7a2_scheduled_run", "{CBDB794C-584B-4297-BF10-F135399E33A5}"
EndProject
Project("{FAE04EC0-301F-11D3-BF4B-00C04F79EFBC}") = "X7a2Smoke", "_temp\phase_x7_scheduling\x7a2_scheduled_run\harness\X7a2Smoke.csproj", "{5202EFB0-61FF-4073-BB73-D2B31D5FE2DC}"
EndProject
Project("{2150E333-8FDC-42A3-9474-1A3956D46DE8}") = "x7a3_scheduled_task_routes", "x7a3_scheduled_task_routes", "{CB8A6961-B47D-4838-A74A-36B6710C33C8}"
EndProject
Project("{FAE04EC0-301F-11D3-BF4B-00C04F79EFBC}") = "X7a3Smoke", "_temp\phase_x7_scheduling\x7a3_scheduled_task_routes\harness\X7a3Smoke.csproj", "{BA7CE306-063B-4C47-BE78-A78A5150C671}"
EndProject
Project("{2150E333-8FDC-42A3-9474-1A3956D46DE8}") = "phase_ux14_date_validation", "phase_ux14_date_validation", "{5E944156-2BD2-4BCC-ADC6-580CFD9E66D6}"
EndProject
Project("{FAE04EC0-301F-11D3-BF4B-00C04F79EFBC}") = "UX14DateSmoke", "_temp\phase_ux14_date_validation\harness\UX14DateSmoke.csproj", "{857EB10E-EBB8-4517-9DA8-07D54117A029}"
EndProject
Global
	GlobalSection(SolutionConfigurationPlatforms) = preSolution
		Debug|Any CPU = Debug|Any CPU
		Debug|x64 = Debug|x64
		Debug|x86 = Debug|x86
		Release|Any CPU = Release|Any CPU
		Release|x64 = Release|x64
		Release|x86 = Release|x86
	EndGlobalSection
	GlobalSection(ProjectConfigurationPlatforms) = postSolution
		{4864C058-8FCD-4053-8392-301C0853979B}.Debug|Any CPU.ActiveCfg = Debug|Any CPU
		{4864C058-8FCD-4053-8392-301C0853979B}.Debug|Any CPU.Build.0 = Debug|Any CPU
		{4864C058-8FCD-4053-8392-301C0853979B}.Debug|x64.ActiveCfg = Debug|Any CPU
		{4864C058-8FCD-4053-8392-301C0853979B}.Debug|x64.Build.0 = Debug|Any CPU
		{4864C058-8FCD-4053-8392-301C0853979B}.Debug|x86.ActiveCfg = Debug|Any CPU
		{4864C058-8FCD-4053-8392-301C0853979B}.Debug|x86.Build.0 = Debug|Any CPU
		{4864C058-8FCD-4053-8392-301C0853979B}.Release|Any CPU.ActiveCfg = Release|Any CPU
		{4864C058-8FCD-4053-8392-301C0853979B}.Release|Any CPU.Build.0 = Release|Any CPU
		{4864C058-8FCD-4053-8392-301C0853979B}.Release|x64.ActiveCfg = Release|Any CPU
		{4864C058-8FCD-4053-8392-301C0853979B}.Release|x64.Build.0 = Release|Any CPU
		{4864C058-8FCD-4053-8392-301C0853979B}.Release|x86.ActiveCfg = Release|Any CPU
		{4864C058-8FCD-4053-8392-301C0853979B}.Release|x86.Build.0 = Release|Any CPU
		{BF8C8CAF-A53C-45C0-BCC3-55027F8A7863}.Debug|Any CPU.ActiveCfg = Debug|Any CPU
		{BF8C8CAF-A53C-45C0-BCC3-55027F8A7863}.Debug|Any CPU.Build.0 = Debug|Any CPU
		{BF8C8CAF-A53C-45C0-BCC3-55027F8A7863}.Debug|x64.ActiveCfg = Debug|Any CPU
		{BF8C8CAF-A53C-45C0-BCC3-55027F8A7863}.Debug|x64.Build.0 = Debug|Any CPU
		{BF8C8CAF-A53C-45C0-BCC3-55027F8A7863}.Debug|x86.ActiveCfg = Debug|Any CPU
		{BF8C8CAF-A53C-45C0-BCC3-55027F8A7863}.Debug|x86.Build.0 = Debug|Any CPU
		{BF8C8CAF-A53C-45C0-BCC3-55027F8A7863}.Release|Any CPU.ActiveCfg = Release|Any CPU
		{BF8C8CAF-A53C-45C0-BCC3-55027F8A7863}.Release|Any CPU.Build.0 = Release|Any CPU
		{BF8C8CAF-A53C-45C0-BCC3-55027F8A7863}.Release|x64.ActiveCfg = Release|Any CPU
		{BF8C8CAF-A53C-45C0-BCC3-55027F8A7863}.Release|x64.Build.0 = Release|Any CPU
		{BF8C8CAF-A53C-45C0-BCC3-55027F8A7863}.Release|x86.ActiveCfg = Release|Any CPU
		{BF8C8CAF-A53C-45C0-BCC3-55027F8A7863}.Release|x86.Build.0 = Release|Any CPU
		{AA15AB17-A6F6-431D-9DE2-CC29577BD9A1}.Debug|Any CPU.ActiveCfg = Debug|Any CPU
		{AA15AB17-A6F6-431D-9DE2-CC29577BD9A1}.Debug|Any CPU.Build.0 = Debug|Any CPU
		{AA15AB17-A6F6-431D-9DE2-CC29577BD9A1}.Debug|x64.ActiveCfg = Debug|Any CPU
		{AA15AB17-A6F6-431D-9DE2-CC29577BD9A1}.Debug|x64.Build.0 = Debug|Any CPU
		{AA15AB17-A6F6-431D-9DE2-CC29577BD9A1}.Debug|x86.ActiveCfg = Debug|Any CPU
		{AA15AB17-A6F6-431D-9DE2-CC29577BD9A1}.Debug|x86.Build.0 = Debug|Any CPU
		{AA15AB17-A6F6-431D-9DE2-CC29577BD9A1}.Release|Any CPU.ActiveCfg = Release|Any CPU
		{AA15AB17-A6F6-431D-9DE2-CC29577BD9A1}.Release|Any CPU.Build.0 = Release|Any CPU
		{AA15AB17-A6F6-431D-9DE2-CC29577BD9A1}.Release|x64.ActiveCfg = Release|Any CPU
		{AA15AB17-A6F6-431D-9DE2-CC29577BD9A1}.Release|x64.Build.0 = Release|Any CPU
		{AA15AB17-A6F6-431D-9DE2-CC29577BD9A1}.Release|x86.ActiveCfg = Release|Any CPU
		{AA15AB17-A6F6-431D-9DE2-CC29577BD9A1}.Release|x86.Build.0 = Release|Any CPU
		{B594ABF9-60B2-40F4-9606-CBFBC71767A1}.Debug|Any CPU.ActiveCfg = Debug|Any CPU
		{B594ABF9-60B2-40F4-9606-CBFBC71767A1}.Debug|Any CPU.Build.0 = Debug|Any CPU
		{B594ABF9-60B2-40F4-9606-CBFBC71767A1}.Debug|x64.ActiveCfg = Debug|Any CPU
		{B594ABF9-60B2-40F4-9606-CBFBC71767A1}.Debug|x64.Build.0 = Debug|Any CPU
		{B594ABF9-60B2-40F4-9606-CBFBC71767A1}.Debug|x86.ActiveCfg = Debug|Any CPU
		{B594ABF9-60B2-40F4-9606-CBFBC71767A1}.Debug|x86.Build.0 = Debug|Any CPU
		{B594ABF9-60B2-40F4-9606-CBFBC71767A1}.Release|Any CPU.ActiveCfg = Release|Any CPU
		{B594ABF9-60B2-40F4-9606-CBFBC71767A1}.Release|Any CPU.Build.0 = Release|Any CPU
		{B594ABF9-60B2-40F4-9606-CBFBC71767A1}.Release|x64.ActiveCfg = Release|Any CPU
		{B594ABF9-60B2-40F4-9606-CBFBC71767A1}.Release|x64.Build.0 = Release|Any CPU
		{B594ABF9-60B2-40F4-9606-CBFBC71767A1}.Release|x86.ActiveCfg = Release|Any CPU
		{B594ABF9-60B2-40F4-9606-CBFBC71767A1}.Release|x86.Build.0 = Release|Any CPU
		{8C9230DB-AF19-4ED2-9C4F-79E213D21836}.Debug|Any CPU.ActiveCfg = Debug|Any CPU
		{8C9230DB-AF19-4ED2-9C4F-79E213D21836}.Debug|Any CPU.Build.0 = Debug|Any CPU
		{8C9230DB-AF19-4ED2-9C4F-79E213D21836}.Debug|x64.ActiveCfg = Debug|Any CPU
		{8C9230DB-AF19-4ED2-9C4F-79E213D21836}.Debug|x64.Build.0 = Debug|Any CPU
		{8C9230DB-AF19-4ED2-9C4F-79E213D21836}.Debug|x86.ActiveCfg = Debug|Any CPU
		{8C9230DB-AF19-4ED2-9C4F-79E213D21836}.Debug|x86.Build.0 = Debug|Any CPU
		{8C9230DB-AF19-4ED2-9C4F-79E213D21836}.Release|Any CPU.ActiveCfg = Release|Any CPU
		{8C9230DB-AF19-4ED2-9C4F-79E213D21836}.Release|Any CPU.Build.0 = Release|Any CPU
		{8C9230DB-AF19-4ED2-9C4F-79E213D21836}.Release|x64.ActiveCfg = Release|Any CPU
		{8C9230DB-AF19-4ED2-9C4F-79E213D21836}.Release|x64.Build.0 = Release|Any CPU
		{8C9230DB-AF19-4ED2-9C4F-79E213D21836}.Release|x86.ActiveCfg = Release|Any CPU
		{8C9230DB-AF19-4ED2-9C4F-79E213D21836}.Release|x86.Build.0 = Release|Any CPU
		{D332A9D4-DF18-4567-9812-752575CE6CE6}.Debug|Any CPU.ActiveCfg = Debug|Any CPU
		{D332A9D4-DF18-4567-9812-752575CE6CE6}.Debug|Any CPU.Build.0 = Debug|Any CPU
		{D332A9D4-DF18-4567-9812-752575CE6CE6}.Debug|x64.ActiveCfg = Debug|Any CPU
		{D332A9D4-DF18-4567-9812-752575CE6CE6}.Debug|x64.Build.0 = Debug|Any CPU
		{D332A9D4-DF18-4567-9812-752575CE6CE6}.Debug|x86.ActiveCfg = Debug|Any CPU
		{D332A9D4-DF18-4567-9812-752575CE6CE6}.Debug|x86.Build.0 = Debug|Any CPU
		{D332A9D4-DF18-4567-9812-752575CE6CE6}.Release|Any CPU.ActiveCfg = Release|Any CPU
		{D332A9D4-DF18-4567-9812-752575CE6CE6}.Release|Any CPU.Build.0 = Release|Any CPU
		{D332A9D4-DF18-4567-9812-752575CE6CE6}.Release|x64.ActiveCfg = Release|Any CPU
		{D332A9D4-DF18-4567-9812-752575CE6CE6}.Release|x64.Build.0 = Release|Any CPU
		{D332A9D4-DF18-4567-9812-752575CE6CE6}.Release|x86.ActiveCfg = Release|Any CPU
		{D332A9D4-DF18-4567-9812-752575CE6CE6}.Release|x86.Build.0 = Release|Any CPU
		{9BCABF0C-E444-44AB-8AAE-370E269804E1}.Debug|Any CPU.ActiveCfg = Debug|Any CPU
		{9BCABF0C-E444-44AB-8AAE-370E269804E1}.Debug|Any CPU.Build.0 = Debug|Any CPU
		{9BCABF0C-E444-44AB-8AAE-370E269804E1}.Debug|x64.ActiveCfg = Debug|Any CPU
		{9BCABF0C-E444-44AB-8AAE-370E269804E1}.Debug|x64.Build.0 = Debug|Any CPU
		{9BCABF0C-E444-44AB-8AAE-370E269804E1}.Debug|x86.ActiveCfg = Debug|Any CPU
		{9BCABF0C-E444-44AB-8AAE-370E269804E1}.Debug|x86.Build.0 = Debug|Any CPU
		{9BCABF0C-E444-44AB-8AAE-370E269804E1}.Release|Any CPU.ActiveCfg = Release|Any CPU
		{9BCABF0C-E444-44AB-8AAE-370E269804E1}.Release|Any CPU.Build.0 = Release|Any CPU
		{9BCABF0C-E444-44AB-8AAE-370E269804E1}.Release|x64.ActiveCfg = Release|Any CPU
		{9BCABF0C-E444-44AB-8AAE-370E269804E1}.Release|x64.Build.0 = Release|Any CPU
		{9BCABF0C-E444-44AB-8AAE-370E269804E1}.Release|x86.ActiveCfg = Release|Any CPU
		{9BCABF0C-E444-44AB-8AAE-370E269804E1}.Release|x86.Build.0 = Release|Any CPU
		{3FE3CE66-C627-471F-A8DE-FAFD0ABC7850}.Debug|Any CPU.ActiveCfg = Debug|Any CPU
		{3FE3CE66-C627-471F-A8DE-FAFD0ABC7850}.Debug|Any CPU.Build.0 = Debug|Any CPU
		{3FE3CE66-C627-471F-A8DE-FAFD0ABC7850}.Debug|x64.ActiveCfg = Debug|Any CPU
		{3FE3CE66-C627-471F-A8DE-FAFD0ABC7850}.Debug|x64.Build.0 = Debug|Any CPU
		{3FE3CE66-C627-471F-A8DE-FAFD0ABC7850}.Debug|x86.ActiveCfg = Debug|Any CPU
		{3FE3CE66-C627-471F-A8DE-FAFD0ABC7850}.Debug|x86.Build.0 = Debug|Any CPU
		{3FE3CE66-C627-471F-A8DE-FAFD0ABC7850}.Release|Any CPU.ActiveCfg = Release|Any CPU
		{3FE3CE66-C627-471F-A8DE-FAFD0ABC7850}.Release|Any CPU.Build.0 = Release|Any CPU
		{3FE3CE66-C627-471F-A8DE-FAFD0ABC7850}.Release|x64.ActiveCfg = Release|Any CPU
		{3FE3CE66-C627-471F-A8DE-FAFD0ABC7850}.Release|x64.Build.0 = Release|Any CPU
		{3FE3CE66-C627-471F-A8DE-FAFD0ABC7850}.Release|x86.ActiveCfg = Release|Any CPU
		{3FE3CE66-C627-471F-A8DE-FAFD0ABC7850}.Release|x86.Build.0 = Release|Any CPU
		{3753BF80-7F2B-4E9C-BC13-D31391894A4C}.Debug|Any CPU.ActiveCfg = Debug|Any CPU
		{3753BF80-7F2B-4E9C-BC13-D31391894A4C}.Debug|Any CPU.Build.0 = Debug|Any CPU
		{3753BF80-7F2B-4E9C-BC13-D31391894A4C}.Debug|x64.ActiveCfg = Debug|Any CPU
		{3753BF80-7F2B-4E9C-BC13-D31391894A4C}.Debug|x64.Build.0 = Debug|Any CPU
		{3753BF80-7F2B-4E9C-BC13-D31391894A4C}.Debug|x86.ActiveCfg = Debug|Any CPU
		{3753BF80-7F2B-4E9C-BC13-D31391894A4C}.Debug|x86.Build.0 = Debug|Any CPU
		{3753BF80-7F2B-4E9C-BC13-D31391894A4C}.Release|Any CPU.ActiveCfg = Release|Any CPU
		{3753BF80-7F2B-4E9C-BC13-D31391894A4C}.Release|Any CPU.Build.0 = Release|Any CPU
		{3753BF80-7F2B-4E9C-BC13-D31391894A4C}.Release|x64.ActiveCfg = Release|Any CPU
		{3753BF80-7F2B-4E9C-BC13-D31391894A4C}.Release|x64.Build.0 = Release|Any CPU
		{3753BF80-7F2B-4E9C-BC13-D31391894A4C}.Release|x86.ActiveCfg = Release|Any CPU
		{3753BF80-7F2B-4E9C-BC13-D31391894A4C}.Release|x86.Build.0 = Release|Any CPU
		{5202EFB0-61FF-4073-BB73-D2B31D5FE2DC}.Debug|Any CPU.ActiveCfg = Debug|Any CPU
		{5202EFB0-61FF-4073-BB73-D2B31D5FE2DC}.Debug|Any CPU.Build.0 = Debug|Any CPU
		{5202EFB0-61FF-4073-BB73-D2B31D5FE2DC}.Debug|x64.ActiveCfg = Debug|Any CPU
		{5202EFB0-61FF-4073-BB73-D2B31D5FE2DC}.Debug|x64.Build.0 = Debug|Any CPU
		{5202EFB0-61FF-4073-BB73-D2B31D5FE2DC}.Debug|x86.ActiveCfg = Debug|Any CPU
		{5202EFB0-61FF-4073-BB73-D2B31D5FE2DC}.Debug|x86.Build.0 = Debug|Any CPU
		{5202EFB0-61FF-4073-BB73-D2B31D5FE2DC}.Release|Any CPU.ActiveCfg = Release|Any CPU
		{5202EFB0-61FF-4073-BB73-D2B31D5FE2DC}.Release|Any CPU.Build.0 = Release|Any CPU
		{5202EFB0-61FF-4073-BB73-D2B31D5FE2DC}.Release|x64.ActiveCfg = Release|Any CPU
		{5202EFB0-61FF-4073-BB73-D2B31D5FE2DC}.Release|x64.Build.0 = Release|Any CPU
		{5202EFB0-61FF-4073-BB73-D2B31D5FE2DC}.Release|x86.ActiveCfg = Release|Any CPU
		{5202EFB0-61FF-4073-BB73-D2B31D5FE2DC}.Release|x86.Build.0 = Release|Any CPU
		{BA7CE306-063B-4C47-BE78-A78A5150C671}.Debug|Any CPU.ActiveCfg = Debug|Any CPU
		{BA7CE306-063B-4C47-BE78-A78A5150C671}.Debug|Any CPU.Build.0 = Debug|Any CPU
		{BA7CE306-063B-4C47-BE78-A78A5150C671}.Debug|x64.ActiveCfg = Debug|Any CPU
		{BA7CE306-063B-4C47-BE78-A78A5150C671}.Debug|x64.Build.0 = Debug|Any CPU
		{BA7CE306-063B-4C47-BE78-A78A5150C671}.Debug|x86.ActiveCfg = Debug|Any CPU
		{BA7CE306-063B-4C47-BE78-A78A5150C671}.Debug|x86.Build.0 = Debug|Any CPU
		{BA7CE306-063B-4C47-BE78-A78A5150C671}.Release|Any CPU.ActiveCfg = Release|Any CPU
		{BA7CE306-063B-4C47-BE78-A78A5150C671}.Release|Any CPU.Build.0 = Release|Any CPU
		{BA7CE306-063B-4C47-BE78-A78A5150C671}.Release|x64.ActiveCfg = Release|Any CPU
		{BA7CE306-063B-4C47-BE78-A78A5150C671}.Release|x64.Build.0 = Release|Any CPU
		{BA7CE306-063B-4C47-BE78-A78A5150C671}.Release|x86.ActiveCfg = Release|Any CPU
		{BA7CE306-063B-4C47-BE78-A78A5150C671}.Release|x86.Build.0 = Release|Any CPU
		{857EB10E-EBB8-4517-9DA8-07D54117A029}.Debug|Any CPU.ActiveCfg = Debug|Any CPU
		{857EB10E-EBB8-4517-9DA8-07D54117A029}.Debug|Any CPU.Build.0 = Debug|Any CPU
		{857EB10E-EBB8-4517-9DA8-07D54117A029}.Debug|x64.ActiveCfg = Debug|Any CPU
		{857EB10E-EBB8-4517-9DA8-07D54117A029}.Debug|x64.Build.0 = Debug|Any CPU
		{857EB10E-EBB8-4517-9DA8-07D54117A029}.Debug|x86.ActiveCfg = Debug|Any CPU
		{857EB10E-EBB8-4517-9DA8-07D54117A029}.Debug|x86.Build.0 = Debug|Any CPU
		{857EB10E-EBB8-4517-9DA8-07D54117A029}.Release|Any CPU.ActiveCfg = Release|Any CPU
		{857EB10E-EBB8-4517-9DA8-07D54117A029}.Release|Any CPU.Build.0 = Release|Any CPU
		{857EB10E-EBB8-4517-9DA8-07D54117A029}.Release|x64.ActiveCfg = Release|Any CPU
		{857EB10E-EBB8-4517-9DA8-07D54117A029}.Release|x64.Build.0 = Release|Any CPU
		{857EB10E-EBB8-4517-9DA8-07D54117A029}.Release|x86.ActiveCfg = Release|Any CPU
		{857EB10E-EBB8-4517-9DA8-07D54117A029}.Release|x86.Build.0 = Release|Any CPU
	EndGlobalSection
	GlobalSection(SolutionProperties) = preSolution
		HideSolutionNode = FALSE
	EndGlobalSection
	GlobalSection(NestedProjects) = preSolution
		{4864C058-8FCD-4053-8392-301C0853979B} = {827E0CD3-B72D-47B6-A68D-7590B98EB39B}
		{BF8C8CAF-A53C-45C0-BCC3-55027F8A7863} = {827E0CD3-B72D-47B6-A68D-7590B98EB39B}
		{AA15AB17-A6F6-431D-9DE2-CC29577BD9A1} = {827E0CD3-B72D-47B6-A68D-7590B98EB39B}
		{B594ABF9-60B2-40F4-9606-CBFBC71767A1} = {0AB3BF05-4346-4AA6-1389-037BE0695223}
		{8C9230DB-AF19-4ED2-9C4F-79E213D21836} = {0AB3BF05-4346-4AA6-1389-037BE0695223}
		{D332A9D4-DF18-4567-9812-752575CE6CE6} = {0AB3BF05-4346-4AA6-1389-037BE0695223}
		{B6E79C3B-0F11-49A5-8AE5-9FF230CEA054} = {B15E1844-D463-42D3-AECF-19C136017E0C}
		{9BCABF0C-E444-44AB-8AAE-370E269804E1} = {B6E79C3B-0F11-49A5-8AE5-9FF230CEA054}
		{54230F8B-1CEE-40B2-BC49-BF9CD2BAF69D} = {B15E1844-D463-42D3-AECF-19C136017E0C}
		{3FE3CE66-C627-471F-A8DE-FAFD0ABC7850} = {54230F8B-1CEE-40B2-BC49-BF9CD2BAF69D}
		{2BF7CCFA-36BB-4770-B31E-EC3A1E5B7FD3} = {B15E1844-D463-42D3-AECF-19C136017E0C}
		{C4DF7DA8-A0B5-4DCA-BE9F-F90804FC7142} = {2BF7CCFA-36BB-4770-B31E-EC3A1E5B7FD3}
		{3753BF80-7F2B-4E9C-BC13-D31391894A4C} = {C4DF7DA8-A0B5-4DCA-BE9F-F90804FC7142}
		{CBDB794C-584B-4297-BF10-F135399E33A5} = {2BF7CCFA-36BB-4770-B31E-EC3A1E5B7FD3}
		{5202EFB0-61FF-4073-BB73-D2B31D5FE2DC} = {CBDB794C-584B-4297-BF10-F135399E33A5}
		{CB8A6961-B47D-4838-A74A-36B6710C33C8} = {2BF7CCFA-36BB-4770-B31E-EC3A1E5B7FD3}
		{BA7CE306-063B-4C47-BE78-A78A5150C671} = {CB8A6961-B47D-4838-A74A-36B6710C33C8}
		{5E944156-2BD2-4BCC-ADC6-580CFD9E66D6} = {B15E1844-D463-42D3-AECF-19C136017E0C}
		{857EB10E-EBB8-4517-9DA8-07D54117A029} = {5E944156-2BD2-4BCC-ADC6-580CFD9E66D6}
	EndGlobalSection
EndGlobal
